// !$*UTF8*$!
{
	archiveVersion = 1;
	classes = {
	};
	objectVersion = 46;
	objects = {

/* Begin PBXBuildFile section */
		3D817FA01F7B513B00C2CCF8 /* AppDelegate.swift in Sources */ = {isa = PBXBuildFile; fileRef = 3D817F9F1F7B513B00C2CCF8 /* AppDelegate.swift */; };
		3D817FA21F7B513B00C2CCF8 /* ViewController.swift in Sources */ = {isa = PBXBuildFile; fileRef = 3D817FA11F7B513B00C2CCF8 /* ViewController.swift */; };
		3D817FA51F7B513B00C2CCF8 /* Main.storyboard in Resources */ = {isa = PBXBuildFile; fileRef = 3D817FA31F7B513B00C2CCF8 /* Main.storyboard */; };
		3D817FA71F7B513B00C2CCF8 /* Assets.xcassets in Resources */ = {isa = PBXBuildFile; fileRef = 3D817FA61F7B513B00C2CCF8 /* Assets.xcassets */; };
		3D817FAA1F7B513B00C2CCF8 /* LaunchScreen.storyboard in Resources */ = {isa = PBXBuildFile; fileRef = 3D817FA81F7B513B00C2CCF8 /* LaunchScreen.storyboard */; };
		3D817FB51F7B513B00C2CCF8 /* MDB_SocialsTests.swift in Sources */ = {isa = PBXBuildFile; fileRef = 3D817FB41F7B513B00C2CCF8 /* MDB_SocialsTests.swift */; };
		3D817FC01F7B513B00C2CCF8 /* MDB_SocialsUITests.swift in Sources */ = {isa = PBXBuildFile; fileRef = 3D817FBF1F7B513B00C2CCF8 /* MDB_SocialsUITests.swift */; };
/* End PBXBuildFile section */

/* Begin PBXContainerItemProxy section */
		3D817FB11F7B513B00C2CCF8 /* PBXContainerItemProxy */ = {
			isa = PBXContainerItemProxy;
			containerPortal = 3D817F941F7B513B00C2CCF8 /* Project object */;
			proxyType = 1;
			remoteGlobalIDString = 3D817F9B1F7B513B00C2CCF8;
			remoteInfo = "MDB Socials";
		};
		3D817FBC1F7B513B00C2CCF8 /* PBXContainerItemProxy */ = {
			isa = PBXContainerItemProxy;
			containerPortal = 3D817F941F7B513B00C2CCF8 /* Project object */;
			proxyType = 1;
			remoteGlobalIDString = 3D817F9B1F7B513B00C2CCF8;
			remoteInfo = "MDB Socials";
		};
/* End PBXContainerItemProxy section */

/* Begin PBXFileReference section */
		3D817F9C1F7B513B00C2CCF8 /* MDB Socials.app */ = {isa = PBXFileReference; explicitFileType = wrapper.application; includeInIndex = 0; path = "MDB Socials.app"; sourceTree = BUILT_PRODUCTS_DIR; };
		3D817F9F1F7B513B00C2CCF8 /* AppDelegate.swift */ = {isa = PBXFileReference; lastKnownFileType = sourcecode.swift; path = AppDelegate.swift; sourceTree = "<group>"; };
		3D817FA11F7B513B00C2CCF8 /* ViewController.swift */ = {isa = PBXFileReference; lastKnownFileType = sourcecode.swift; path = ViewController.swift; sourceTree = "<group>"; };
		3D817FA41F7B513B00C2CCF8 /* Base */ = {isa = PBXFileReference; lastKnownFileType = file.storyboard; name = Base; path = Base.lproj/Main.storyboard; sourceTree = "<group>"; };
		3D817FA61F7B513B00C2CCF8 /* Assets.xcassets */ = {isa = PBXFileReference; lastKnownFileType = folder.assetcatalog; path = Assets.xcassets; sourceTree = "<group>"; };
		3D817FA91F7B513B00C2CCF8 /* Base */ = {isa = PBXFileReference; lastKnownFileType = file.storyboard; name = Base; path = Base.lproj/LaunchScreen.storyboard; sourceTree = "<group>"; };
		3D817FAB1F7B513B00C2CCF8 /* Info.plist */ = {isa = PBXFileReference; lastKnownFileType = text.plist.xml; path = Info.plist; sourceTree = "<group>"; };
		3D817FB01F7B513B00C2CCF8 /* MDB SocialsTests.xctest */ = {isa = PBXFileReference; explicitFileType = wrapper.cfbundle; includeInIndex = 0; path = "MDB SocialsTests.xctest"; sourceTree = BUILT_PRODUCTS_DIR; };
		3D817FB41F7B513B00C2CCF8 /* MDB_SocialsTests.swift */ = {isa = PBXFileReference; lastKnownFileType = sourcecode.swift; path = MDB_SocialsTests.swift; sourceTree = "<group>"; };
		3D817FB61F7B513B00C2CCF8 /* Info.plist */ = {isa = PBXFileReference; lastKnownFileType = text.plist.xml; path = Info.plist; sourceTree = "<group>"; };
		3D817FBB1F7B513B00C2CCF8 /* MDB SocialsUITests.xctest */ = {isa = PBXFileReference; explicitFileType = wrapper.cfbundle; includeInIndex = 0; path = "MDB SocialsUITests.xctest"; sourceTree = BUILT_PRODUCTS_DIR; };
		3D817FBF1F7B513B00C2CCF8 /* MDB_SocialsUITests.swift */ = {isa = PBXFileReference; lastKnownFileType = sourcecode.swift; path = MDB_SocialsUITests.swift; sourceTree = "<group>"; };
		3D817FC11F7B513B00C2CCF8 /* Info.plist */ = {isa = PBXFileReference; lastKnownFileType = text.plist.xml; path = Info.plist; sourceTree = "<group>"; };
/* End PBXFileReference section */

/* Begin PBXFrameworksBuildPhase section */
		3D817F991F7B513B00C2CCF8 /* Frameworks */ = {
			isa = PBXFrameworksBuildPhase;
			buildActionMask = 2147483647;
			files = (
			);
			runOnlyForDeploymentPostprocessing = 0;
		};
		3D817FAD1F7B513B00C2CCF8 /* Frameworks */ = {
			isa = PBXFrameworksBuildPhase;
			buildActionMask = 2147483647;
			files = (
			);
			runOnlyForDeploymentPostprocessing = 0;
		};
		3D817FB81F7B513B00C2CCF8 /* Frameworks */ = {
			isa = PBXFrameworksBuildPhase;
			buildActionMask = 2147483647;
			files = (
			);
			runOnlyForDeploymentPostprocessing = 0;
		};
/* End PBXFrameworksBuildPhase section */

/* Begin PBXGroup section */
		3D817F931F7B513B00C2CCF8 = {
			isa = PBXGroup;
			children = (
				3D817F9E1F7B513B00C2CCF8 /* MDB Socials */,
				3D817FB31F7B513B00C2CCF8 /* MDB SocialsTests */,
				3D817FBE1F7B513B00C2CCF8 /* MDB SocialsUITests */,
				3D817F9D1F7B513B00C2CCF8 /* Products */,
			);
			sourceTree = "<group>";
		};
		3D817F9D1F7B513B00C2CCF8 /* Products */ = {
			isa = PBXGroup;
			children = (
				3D817F9C1F7B513B00C2CCF8 /* MDB Socials.app */,
				3D817FB01F7B513B00C2CCF8 /* MDB SocialsTests.xctest */,
				3D817FBB1F7B513B00C2CCF8 /* MDB SocialsUITests.xctest */,
			);
			name = Products;
			sourceTree = "<group>";
		};
		3D817F9E1F7B513B00C2CCF8 /* MDB Socials */ = {
			isa = PBXGroup;
			children = (
				3D817F9F1F7B513B00C2CCF8 /* AppDelegate.swift */,
				3D817FA11F7B513B00C2CCF8 /* ViewController.swift */,
				3D817FA31F7B513B00C2CCF8 /* Main.storyboard */,
				3D817FA61F7B513B00C2CCF8 /* Assets.xcassets */,
				3D817FA81F7B513B00C2CCF8 /* LaunchScreen.storyboard */,
				3D817FAB1F7B513B00C2CCF8 /* Info.plist */,
			);
			path = "MDB Socials";
			sourceTree = "<group>";
		};
		3D817FB31F7B513B00C2CCF8 /* MDB SocialsTests */ = {
			isa = PBXGroup;
			children = (
				3D817FB41F7B513B00C2CCF8 /* MDB_SocialsTests.swift */,
				3D817FB61F7B513B00C2CCF8 /* Info.plist */,
			);
			path = "MDB SocialsTests";
			sourceTree = "<group>";
		};
		3D817FBE1F7B513B00C2CCF8 /* MDB SocialsUITests */ = {
			isa = PBXGroup;
			children = (
				3D817FBF1F7B513B00C2CCF8 /* MDB_SocialsUITests.swift */,
				3D817FC11F7B513B00C2CCF8 /* Info.plist */,
			);
			path = "MDB SocialsUITests";
			sourceTree = "<group>";
		};
/* End PBXGroup section */

/* Begin PBXNativeTarget section */
		3D817F9B1F7B513B00C2CCF8 /* MDB Socials */ = {
			isa = PBXNativeTarget;
			buildConfigurationList = 3D817FC41F7B513B00C2CCF8 /* Build configuration list for PBXNativeTarget "MDB Socials" */;
			buildPhases = (
				3D817F981F7B513B00C2CCF8 /* Sources */,
				3D817F991F7B513B00C2CCF8 /* Frameworks */,
				3D817F9A1F7B513B00C2CCF8 /* Resources */,
			);
			buildRules = (
			);
			dependencies = (
			);
			name = "MDB Socials";
			productName = "MDB Socials";
			productReference = 3D817F9C1F7B513B00C2CCF8 /* MDB Socials.app */;
			productType = "com.apple.product-type.application";
		};
		3D817FAF1F7B513B00C2CCF8 /* MDB SocialsTests */ = {
			isa = PBXNativeTarget;
			buildConfigurationList = 3D817FC71F7B513B00C2CCF8 /* Build configuration list for PBXNativeTarget "MDB SocialsTests" */;
			buildPhases = (
				3D817FAC1F7B513B00C2CCF8 /* Sources */,
				3D817FAD1F7B513B00C2CCF8 /* Frameworks */,
				3D817FAE1F7B513B00C2CCF8 /* Resources */,
			);
			buildRules = (
			);
			dependencies = (
				3D817FB21F7B513B00C2CCF8 /* PBXTargetDependency */,
			);
			name = "MDB SocialsTests";
			productName = "MDB SocialsTests";
			productReference = 3D817FB01F7B513B00C2CCF8 /* MDB SocialsTests.xctest */;
			productType = "com.apple.product-type.bundle.unit-test";
		};
		3D817FBA1F7B513B00C2CCF8 /* MDB SocialsUITests */ = {
			isa = PBXNativeTarget;
			buildConfigurationList = 3D817FCA1F7B513B00C2CCF8 /* Build configuration list for PBXNativeTarget "MDB SocialsUITests" */;
			buildPhases = (
				3D817FB71F7B513B00C2CCF8 /* Sources */,
				3D817FB81F7B513B00C2CCF8 /* Frameworks */,
				3D817FB91F7B513B00C2CCF8 /* Resources */,
			);
			buildRules = (
			);
			dependencies = (
				3D817FBD1F7B513B00C2CCF8 /* PBXTargetDependency */,
			);
			name = "MDB SocialsUITests";
			productName = "MDB SocialsUITests";
			productReference = 3D817FBB1F7B513B00C2CCF8 /* MDB SocialsUITests.xctest */;
			productType = "com.apple.product-type.bundle.ui-testing";
		};
/* End PBXNativeTarget section */

/* Begin PBXProject section */
		3D817F941F7B513B00C2CCF8 /* Project object */ = {
			isa = PBXProject;
			attributes = {
				LastSwiftUpdateCheck = 0830;
				LastUpgradeCheck = 0830;
				ORGANIZATIONNAME = "Samanvi Rai";
				TargetAttributes = {
					3D817F9B1F7B513B00C2CCF8 = {
						CreatedOnToolsVersion = 8.3.3;
						ProvisioningStyle = Automatic;
					};
					3D817FAF1F7B513B00C2CCF8 = {
						CreatedOnToolsVersion = 8.3.3;
						ProvisioningStyle = Automatic;
						TestTargetID = 3D817F9B1F7B513B00C2CCF8;
					};
					3D817FBA1F7B513B00C2CCF8 = {
						CreatedOnToolsVersion = 8.3.3;
						ProvisioningStyle = Automatic;
						TestTargetID = 3D817F9B1F7B513B00C2CCF8;
					};
				};
			};
			buildConfigurationList = 3D817F971F7B513B00C2CCF8 /* Build configuration list for PBXProject "MDB Socials" */;
			compatibilityVersion = "Xcode 3.2";
			developmentRegion = English;
			hasScannedForEncodings = 0;
			knownRegions = (
				en,
				Base,
			);
			mainGroup = 3D817F931F7B513B00C2CCF8;
			productRefGroup = 3D817F9D1F7B513B00C2CCF8 /* Products */;
			projectDirPath = "";
			projectRoot = "";
			targets = (
				3D817F9B1F7B513B00C2CCF8 /* MDB Socials */,
				3D817FAF1F7B513B00C2CCF8 /* MDB SocialsTests */,
				3D817FBA1F7B513B00C2CCF8 /* MDB SocialsUITests */,
			);
		};
/* End PBXProject section */

/* Begin PBXResourcesBuildPhase section */
		3D817F9A1F7B513B00C2CCF8 /* Resources */ = {
			isa = PBXResourcesBuildPhase;
			buildActionMask = 2147483647;
			files = (
				3D817FAA1F7B513B00C2CCF8 /* LaunchScreen.storyboard in Resources */,
				3D817FA71F7B513B00C2CCF8 /* Assets.xcassets in Resources */,
				3D817FA51F7B513B00C2CCF8 /* Main.storyboard in Resources */,
			);
			runOnlyForDeploymentPostprocessing = 0;
		};
		3D817FAE1F7B513B00C2CCF8 /* Resources */ = {
			isa = PBXResourcesBuildPhase;
			buildActionMask = 2147483647;
			files = (
			);
			runOnlyForDeploymentPostprocessing = 0;
		};
		3D817FB91F7B513B00C2CCF8 /* Resources */ = {
			isa = PBXResourcesBuildPhase;
			buildActionMask = 2147483647;
			files = (
			);
			runOnlyForDeploymentPostprocessing = 0;
		};
/* End PBXResourcesBuildPhase section */

/* Begin PBXSourcesBuildPhase section */
		3D817F981F7B513B00C2CCF8 /* Sources */ = {
			isa = PBXSourcesBuildPhase;
			buildActionMask = 2147483647;
			files = (
				3D817FA21F7B513B00C2CCF8 /* ViewController.swift in Sources */,
				3D817FA01F7B513B00C2CCF8 /* AppDelegate.swift in Sources */,
			);
			runOnlyForDeploymentPostprocessing = 0;
		};
		3D817FAC1F7B513B00C2CCF8 /* Sources */ = {
			isa = PBXSourcesBuildPhase;
			buildActionMask = 2147483647;
			files = (
				3D817FB51F7B513B00C2CCF8 /* MDB_SocialsTests.swift in Sources */,
			);
			runOnlyForDeploymentPostprocessing = 0;
		};
		3D817FB71F7B513B00C2CCF8 /* Sources */ = {
			isa = PBXSourcesBuildPhase;
			buildActionMask = 2147483647;
			files = (
				3D817FC01F7B513B00C2CCF8 /* MDB_SocialsUITests.swift in Sources */,
			);
			runOnlyForDeploymentPostprocessing = 0;
		};
/* End PBXSourcesBuildPhase section */

/* Begin PBXTargetDependency section */
		3D817FB21F7B513B00C2CCF8 /* PBXTargetDependency */ = {
			isa = PBXTargetDependency;
			target = 3D817F9B1F7B513B00C2CCF8 /* MDB Socials */;
			targetProxy = 3D817FB11F7B513B00C2CCF8 /* PBXContainerItemProxy */;
		};
		3D817FBD1F7B513B00C2CCF8 /* PBXTargetDependency */ = {
			isa = PBXTargetDependency;
			target = 3D817F9B1F7B513B00C2CCF8 /* MDB Socials */;
			targetProxy = 3D817FBC1F7B513B00C2CCF8 /* PBXContainerItemProxy */;
		};
/* End PBXTargetDependency section */

/* Begin PBXVariantGroup section */
		3D817FA31F7B513B00C2CCF8 /* Main.storyboard */ = {
			isa = PBXVariantGroup;
			children = (
				3D817FA41F7B513B00C2CCF8 /* Base */,
			);
			name = Main.storyboard;
			sourceTree = "<group>";
		};
		3D817FA81F7B513B00C2CCF8 /* LaunchScreen.storyboard */ = {
			isa = PBXVariantGroup;
			children = (
				3D817FA91F7B513B00C2CCF8 /* Base */,
			);
			name = LaunchScreen.storyboard;
			sourceTree = "<group>";
		};
/* End PBXVariantGroup section */

/* Begin XCBuildConfiguration section */
		3D817FC21F7B513B00C2CCF8 /* Debug */ = {
			isa = XCBuildConfiguration;
			buildSettings = {
				ALWAYS_SEARCH_USER_PATHS = NO;
				CLANG_ANALYZER_NONNULL = YES;
				CLANG_ANALYZER_NUMBER_OBJECT_CONVERSION = YES_AGGRESSIVE;
				CLANG_CXX_LANGUAGE_STANDARD = "gnu++0x";
				CLANG_CXX_LIBRARY = "libc++";
				CLANG_ENABLE_MODULES = YES;
				CLANG_ENABLE_OBJC_ARC = YES;
				CLANG_WARN_BOOL_CONVERSION = YES;
				CLANG_WARN_CONSTANT_CONVERSION = YES;
				CLANG_WARN_DIRECT_OBJC_ISA_USAGE = YES_ERROR;
				CLANG_WARN_DOCUMENTATION_COMMENTS = YES;
				CLANG_WARN_EMPTY_BODY = YES;
				CLANG_WARN_ENUM_CONVERSION = YES;
				CLANG_WARN_INFINITE_RECURSION = YES;
				CLANG_WARN_INT_CONVERSION = YES;
				CLANG_WARN_OBJC_ROOT_CLASS = YES_ERROR;
				CLANG_WARN_SUSPICIOUS_MOVE = YES;
				CLANG_WARN_UNREACHABLE_CODE = YES;
				CLANG_WARN__DUPLICATE_METHOD_MATCH = YES;
				"CODE_SIGN_IDENTITY[sdk=iphoneos*]" = "iPhone Developer";
				COPY_PHASE_STRIP = NO;
				DEBUG_INFORMATION_FORMAT = dwarf;
				ENABLE_STRICT_OBJC_MSGSEND = YES;
				ENABLE_TESTABILITY = YES;
				GCC_C_LANGUAGE_STANDARD = gnu99;
				GCC_DYNAMIC_NO_PIC = NO;
				GCC_NO_COMMON_BLOCKS = YES;
				GCC_OPTIMIZATION_LEVEL = 0;
				GCC_PREPROCESSOR_DEFINITIONS = (
					"DEBUG=1",
					"$(inherited)",
				);
				GCC_WARN_64_TO_32_BIT_CONVERSION = YES;
				GCC_WARN_ABOUT_RETURN_TYPE = YES_ERROR;
				GCC_WARN_UNDECLARED_SELECTOR = YES;
				GCC_WARN_UNINITIALIZED_AUTOS = YES_AGGRESSIVE;
				GCC_WARN_UNUSED_FUNCTION = YES;
				GCC_WARN_UNUSED_VARIABLE = YES;
				IPHONEOS_DEPLOYMENT_TARGET = 10.3;
				MTL_ENABLE_DEBUG_INFO = YES;
				ONLY_ACTIVE_ARCH = YES;
				SDKROOT = iphoneos;
				SWIFT_ACTIVE_COMPILATION_CONDITIONS = DEBUG;
				SWIFT_OPTIMIZATION_LEVEL = "-Onone";
			};
			name = Debug;
		};
		3D817FC31F7B513B00C2CCF8 /* Release */ = {
			isa = XCBuildConfiguration;
			buildSettings = {
				ALWAYS_SEARCH_USER_PATHS = NO;
				CLANG_ANALYZER_NONNULL = YES;
				CLANG_ANALYZER_NUMBER_OBJECT_CONVERSION = YES_AGGRESSIVE;
				CLANG_CXX_LANGUAGE_STANDARD = "gnu++0x";
				CLANG_CXX_LIBRARY = "libc++";
				CLANG_ENABLE_MODULES = YES;
				CLANG_ENABLE_OBJC_ARC = YES;
				CLANG_WARN_BOOL_CONVERSION = YES;
				CLANG_WARN_CONSTANT_CONVERSION = YES;
				CLANG_WARN_DIRECT_OBJC_ISA_USAGE = YES_ERROR;
				CLANG_WARN_DOCUMENTATION_COMMENTS = YES;
				CLANG_WARN_EMPTY_BODY = YES;
				CLANG_WARN_ENUM_CONVERSION = YES;
				CLANG_WARN_INFINITE_RECURSION = YES;
				CLANG_WARN_INT_CONVERSION = YES;
				CLANG_WARN_OBJC_ROOT_CLASS = YES_ERROR;
				CLANG_WARN_SUSPICIOUS_MOVE = YES;
				CLANG_WARN_UNREACHABLE_CODE = YES;
				CLANG_WARN__DUPLICATE_METHOD_MATCH = YES;
				"CODE_SIGN_IDENTITY[sdk=iphoneos*]" = "iPhone Developer";
				COPY_PHASE_STRIP = NO;
				DEBUG_INFORMATION_FORMAT = "dwarf-with-dsym";
				ENABLE_NS_ASSERTIONS = NO;
				ENABLE_STRICT_OBJC_MSGSEND = YES;
				GCC_C_LANGUAGE_STANDARD = gnu99;
				GCC_NO_COMMON_BLOCKS = YES;
				GCC_WARN_64_TO_32_BIT_CONVERSION = YES;
				GCC_WARN_ABOUT_RETURN_TYPE = YES_ERROR;
				GCC_WARN_UNDECLARED_SELECTOR = YES;
				GCC_WARN_UNINITIALIZED_AUTOS = YES_AGGRESSIVE;
				GCC_WARN_UNUSED_FUNCTION = YES;
				GCC_WARN_UNUSED_VARIABLE = YES;
				IPHONEOS_DEPLOYMENT_TARGET = 10.3;
				MTL_ENABLE_DEBUG_INFO = NO;
				SDKROOT = iphoneos;
				SWIFT_OPTIMIZATION_LEVEL = "-Owholemodule";
				VALIDATE_PRODUCT = YES;
			};
			name = Release;
		};
		3D817FC51F7B513B00C2CCF8 /* Debug */ = {
			isa = XCBuildConfiguration;
			buildSettings = {
				ASSETCATALOG_COMPILER_APPICON_NAME = AppIcon;
				INFOPLIST_FILE = "MDB Socials/Info.plist";
				LD_RUNPATH_SEARCH_PATHS = "$(inherited) @executable_path/Frameworks";
				PRODUCT_BUNDLE_IDENTIFIER = "com.Rai-Samanvi.MDB-Socials";
				PRODUCT_NAME = "$(TARGET_NAME)";
				SWIFT_VERSION = 3.0;
			};
			name = Debug;
		};
		3D817FC61F7B513B00C2CCF8 /* Release */ = {
			isa = XCBuildConfiguration;
			buildSettings = {
				ASSETCATALOG_COMPILER_APPICON_NAME = AppIcon;
				INFOPLIST_FILE = "MDB Socials/Info.plist";
				LD_RUNPATH_SEARCH_PATHS = "$(inherited) @executable_path/Frameworks";
				PRODUCT_BUNDLE_IDENTIFIER = "com.Rai-Samanvi.MDB-Socials";
				PRODUCT_NAME = "$(TARGET_NAME)";
				SWIFT_VERSION = 3.0;
			};
			name = Release;
		};
		3D817FC81F7B513B00C2CCF8 /* Debug */ = {
			isa = XCBuildConfiguration;
			buildSettings = {
				ALWAYS_EMBED_SWIFT_STANDARD_LIBRARIES = YES;
				BUNDLE_LOADER = "$(TEST_HOST)";
				INFOPLIST_FILE = "MDB SocialsTests/Info.plist";
				LD_RUNPATH_SEARCH_PATHS = "$(inherited) @executable_path/Frameworks @loader_path/Frameworks";
				PRODUCT_BUNDLE_IDENTIFIER = "com.Rai-Samanvi.MDB-SocialsTests";
				PRODUCT_NAME = "$(TARGET_NAME)";
				SWIFT_VERSION = 3.0;
				TEST_HOST = "$(BUILT_PRODUCTS_DIR)/MDB Socials.app/MDB Socials";
			};
			name = Debug;
		};
		3D817FC91F7B513B00C2CCF8 /* Release */ = {
			isa = XCBuildConfiguration;
			buildSettings = {
				ALWAYS_EMBED_SWIFT_STANDARD_LIBRARIES = YES;
				BUNDLE_LOADER = "$(TEST_HOST)";
				INFOPLIST_FILE = "MDB SocialsTests/Info.plist";
				LD_RUNPATH_SEARCH_PATHS = "$(inherited) @executable_path/Frameworks @loader_path/Frameworks";
				PRODUCT_BUNDLE_IDENTIFIER = "com.Rai-Samanvi.MDB-SocialsTests";
				PRODUCT_NAME = "$(TARGET_NAME)";
				SWIFT_VERSION = 3.0;
				TEST_HOST = "$(BUILT_PRODUCTS_DIR)/MDB Socials.app/MDB Socials";
			};
			name = Release;
		};
		3D817FCB1F7B513B00C2CCF8 /* Debug */ = {
			isa = XCBuildConfiguration;
			buildSettings = {
				ALWAYS_EMBED_SWIFT_STANDARD_LIBRARIES = YES;
				INFOPLIST_FILE = "MDB SocialsUITests/Info.plist";
				LD_RUNPATH_SEARCH_PATHS = "$(inherited) @executable_path/Frameworks @loader_path/Frameworks";
				PRODUCT_BUNDLE_IDENTIFIER = "com.Rai-Samanvi.MDB-SocialsUITests";
				PRODUCT_NAME = "$(TARGET_NAME)";
				SWIFT_VERSION = 3.0;
				TEST_TARGET_NAME = "MDB Socials";
			};
			name = Debug;
		};
		3D817FCC1F7B513B00C2CCF8 /* Release */ = {
			isa = XCBuildConfiguration;
			buildSettings = {
				ALWAYS_EMBED_SWIFT_STANDARD_LIBRARIES = YES;
				INFOPLIST_FILE = "MDB SocialsUITests/Info.plist";
				LD_RUNPATH_SEARCH_PATHS = "$(inherited) @executable_path/Frameworks @loader_path/Frameworks";
				PRODUCT_BUNDLE_IDENTIFIER = "com.Rai-Samanvi.MDB-SocialsUITests";
				PRODUCT_NAME = "$(TARGET_NAME)";
				SWIFT_VERSION = 3.0;
				TEST_TARGET_NAME = "MDB Socials";
			};
			name = Release;
		};
/* End XCBuildConfiguration section */

/* Begin XCConfigurationList section */
		3D817F971F7B513B00C2CCF8 /* Build configuration list for PBXProject "MDB Socials" */ = {
			isa = XCConfigurationList;
			buildConfigurations = (
				3D817FC21F7B513B00C2CCF8 /* Debug */,
				3D817FC31F7B513B00C2CCF8 /* Release */,
			);
			defaultConfigurationIsVisible = 0;
			defaultConfigurationName = Release;
		};
		3D817FC41F7B513B00C2CCF8 /* Build configuration list for PBXNativeTarget "MDB Socials" */ = {
			isa = XCConfigurationList;
			buildConfigurations = (
				3D817FC51F7B513B00C2CCF8 /* Debug */,
				3D817FC61F7B513B00C2CCF8 /* Release */,
			);
			defaultConfigurationIsVisible = 0;
		};
		3D817FC71F7B513B00C2CCF8 /* Build configuration list for PBXNativeTarget "MDB SocialsTests" */ = {
			isa = XCConfigurationList;
			buildConfigurations = (
				3D817FC81F7B513B00C2CCF8 /* Debug */,
				3D817FC91F7B513B00C2CCF8 /* Release */,
			);
			defaultConfigurationIsVisible = 0;
		};
		3D817FCA1F7B513B00C2CCF8 /* Build configuration list for PBXNativeTarget "MDB SocialsUITests" */ = {
			isa = XCConfigurationList;
			buildConfigurations = (
				3D817FCB1F7B513B00C2CCF8 /* Debug */,
				3D817FCC1F7B513B00C2CCF8 /* Release */,
			);
			defaultConfigurationIsVisible = 0;
		};
/* End XCConfigurationList section */
	};
	rootObject = 3D817F941F7B513B00C2CCF8 /* Project object */;
}
